
Microsoft Visual Studio Solution File, Format Version 12.00
# Visual Studio Version 17
VisualStudioVersion = 17.11.35312.102
MinimumVisualStudioVersion = 10.0.40219.1
Project("{FAE04EC0-301F-11D3-BF4B-00C04F79EFBC}") = "Zadanie1", "Zadanie1.csproj", "{D6F91873-1DE3-4336-86C6-1FF3408E8AC5}"
EndProject
Global
	GlobalSection(SolutionConfigurationPlatforms) = preSolution
		Debug|Any CPU = Debug|Any CPU
		Release|Any CPU = Release|Any CPU
	EndGlobalSection
	GlobalSection(ProjectConfigurationPlatforms) = postSolution
		{D6F91873-1DE3-4336-86C6-1FF3408E8AC5}.Debug|Any CPU.ActiveCfg = Debug|Any CPU
		{D6F91873-1DE3-4336-86C6-1FF3408E8AC5}.Debug|Any CPU.Build.0 = Debug|Any CPU
		{D6F91873-1DE3-4336-86C6-1FF3408E8AC5}.Release|Any CPU.ActiveCfg = Release|Any CPU
		{D6F91873-1DE3-4336-86C6-1FF3408E8AC5}.Release|Any CPU.Build.0 = Release|Any CPU
	EndGlobalSection
	GlobalSection(SolutionProperties) = preSolution
		HideSolutionNode = FALSE
	EndGlobalSection
	GlobalSection(ExtensibilityGlobals) = postSolution
		SolutionGuid = {54120D32-7E5A-4A41-9134-87FD6BED76CB}
	EndGlobalSection
EndGlobal
