
Microsoft Visual Studio Solution File, Format Version 12.00
# Visual Studio Version 17
VisualStudioVersion = 17.11.35312.102
MinimumVisualStudioVersion = 10.0.40219.1
Project("{FAE04EC0-301F-11D3-BF4B-00C04F79EFBC}") = "Zadanie1", "Zadanie1.csproj", "{C084C9FB-F618-48B4-8F04-F6066E724B1F}"
EndProject
Global
	GlobalSection(SolutionConfigurationPlatforms) = preSolution
		Debug|Any CPU = Debug|Any CPU
		Release|Any CPU = Release|Any CPU
	EndGlobalSection
	GlobalSection(ProjectConfigurationPlatforms) = postSolution
		{C084C9FB-F618-48B4-8F04-F6066E724B1F}.Debug|Any CPU.ActiveCfg = Debug|Any CPU
		{C084C9FB-F618-48B4-8F04-F6066E724B1F}.Debug|Any CPU.Build.0 = Debug|Any CPU
		{C084C9FB-F618-48B4-8F04-F6066E724B1F}.Release|Any CPU.ActiveCfg = Release|Any CPU
		{C084C9FB-F618-48B4-8F04-F6066E724B1F}.Release|Any CPU.Build.0 = Release|Any CPU
	EndGlobalSection
	GlobalSection(SolutionProperties) = preSolution
		HideSolutionNode = FALSE
	EndGlobalSection
	GlobalSection(ExtensibilityGlobals) = postSolution
		SolutionGuid = {CDD09167-7581-482B-97BA-87A7AF7363A2}
	EndGlobalSection
EndGlobal
